
Microsoft Visual Studio Solution File, Format Version 12.00
# Visual Studio Version 16
VisualStudioVersion = 16.0.32428.217
MinimumVisualStudioVersion = 10.0.40219.1
Project("{9A19103F-16F7-4668-BE54-9A1E7A4F7556}") = "MRubyLib", "MRuby\MRubyLib.csproj", "{9BDA3DEC-55A7-41B5-9287-D686A4C929D9}"
EndProject
Project("{9A19103F-16F7-4668-BE54-9A1E7A4F7556}") = "CodeGen", "CodeGen\CodeGen.csproj", "{CC1608BD-F532-4BB5-AC30-8D8B027E4EE2}"
EndProject
Project("{9A19103F-16F7-4668-BE54-9A1E7A4F7556}") = "CodeGenTest", "CodeGenTest\CodeGenTest.csproj", "{D98337AF-22B9-440B-89D7-007253EFF25F}"
	ProjectSection(ProjectDependencies) = postProject
		{CC1608BD-F532-4BB5-AC30-8D8B027E4EE2} = {CC1608BD-F532-4BB5-AC30-8D8B027E4EE2}
		{9BDA3DEC-55A7-41B5-9287-D686A4C929D9} = {9BDA3DEC-55A7-41B5-9287-D686A4C929D9}
	EndProjectSection
EndProject
Project("{2150E333-8FDC-42A3-9474-1A3956D46DE8}") = "Solution Items", "Solution Items", "{24551DB0-71E2-47CC-B0FC-EF8BBD2A7C40}"
	ProjectSection(SolutionItems) = preProject
		.editorconfig = .editorconfig
	EndProjectSection
EndProject
Global
	GlobalSection(SolutionConfigurationPlatforms) = preSolution
		Debug|Any CPU = Debug|Any CPU
		Release|Any CPU = Release|Any CPU
	EndGlobalSection
	GlobalSection(ProjectConfigurationPlatforms) = postSolution
		{9BDA3DEC-55A7-41B5-9287-D686A4C929D9}.Debug|Any CPU.ActiveCfg = Debug|Any CPU
		{9BDA3DEC-55A7-41B5-9287-D686A4C929D9}.Debug|Any CPU.Build.0 = Debug|Any CPU
		{9BDA3DEC-55A7-41B5-9287-D686A4C929D9}.Release|Any CPU.ActiveCfg = Release|Any CPU
		{9BDA3DEC-55A7-41B5-9287-D686A4C929D9}.Release|Any CPU.Build.0 = Release|Any CPU
		{CC1608BD-F532-4BB5-AC30-8D8B027E4EE2}.Debug|Any CPU.ActiveCfg = Debug|Any CPU
		{CC1608BD-F532-4BB5-AC30-8D8B027E4EE2}.Debug|Any CPU.Build.0 = Debug|Any CPU
		{CC1608BD-F532-4BB5-AC30-8D8B027E4EE2}.Release|Any CPU.ActiveCfg = Release|Any CPU
		{CC1608BD-F532-4BB5-AC30-8D8B027E4EE2}.Release|Any CPU.Build.0 = Release|Any CPU
		{D98337AF-22B9-440B-89D7-007253EFF25F}.Debug|Any CPU.ActiveCfg = Debug|Any CPU
		{D98337AF-22B9-440B-89D7-007253EFF25F}.Debug|Any CPU.Build.0 = Debug|Any CPU
		{D98337AF-22B9-440B-89D7-007253EFF25F}.Release|Any CPU.ActiveCfg = Release|Any CPU
		{D98337AF-22B9-440B-89D7-007253EFF25F}.Release|Any CPU.Build.0 = Release|Any CPU
	EndGlobalSection
	GlobalSection(SolutionProperties) = preSolution
		HideSolutionNode = FALSE
	EndGlobalSection
	GlobalSection(ExtensibilityGlobals) = postSolution
		SolutionGuid = {AE9F9853-571B-4B19-940E-395E3DF43C67}
	EndGlobalSection
EndGlobal
